
Microsoft Visual Studio Solution File, Format Version 12.00
# Visual Studio Version 17
VisualStudioVersion = 17.7.34031.279
MinimumVisualStudioVersion = 10.0.40219.1
Project("{FAE04EC0-301F-11D3-BF4B-00C04F79EFBC}") = "PsRental", "PsRental\PsRental.csproj", "{3EB0A286-6930-4B18-AC90-23B91B26D1EC}"
EndProject
Global
	GlobalSection(SolutionConfigurationPlatforms) = preSolution
		Debug|Any CPU = Debug|Any CPU
		Release|Any CPU = Release|Any CPU
	EndGlobalSection
	GlobalSection(ProjectConfigurationPlatforms) = postSolution
		{3EB0A286-6930-4B18-AC90-23B91B26D1EC}.Debug|Any CPU.ActiveCfg = Debug|Any CPU
		{3EB0A286-6930-4B18-AC90-23B91B26D1EC}.Debug|Any CPU.Build.0 = Debug|Any CPU
		{3EB0A286-6930-4B18-AC90-23B91B26D1EC}.Release|Any CPU.ActiveCfg = Release|Any CPU
		{3EB0A286-6930-4B18-AC90-23B91B26D1EC}.Release|Any CPU.Build.0 = Release|Any CPU
	EndGlobalSection
	GlobalSection(SolutionProperties) = preSolution
		HideSolutionNode = FALSE
	EndGlobalSection
	GlobalSection(ExtensibilityGlobals) = postSolution
		SolutionGuid = {F783F2BA-CB76-4FB1-B3B0-4319CE54EF19}
	EndGlobalSection
EndGlobal
